PODS:
  - Alamofire (4.7.2)
  - SnapKit (4.0.0)
  - SwiftyBeaver (1.6.0)

DEPENDENCIES:
  - Alamofire
  - SnapKit
  - SwiftyBeaver

SPEC REPOS:
  https://github.com/CocoaPods/Specs.git:
    - Alamofire
    - SnapKit
    - SwiftyBeaver

SPEC CHECKSUMS:
  Alamofire: e4fa87002c137ba2d8d634d2c51fabcda0d5c223
  SnapKit: a42d492c16e80209130a3379f73596c3454b7694
  SwiftyBeaver: e45759613e50b522b0e6f53b1f0f14389b45ca34

PODFILE CHECKSUM: 886c1d023055682af2085b2fbf274cb1af0444ec

COCOAPODS: 1.5.0
