// !$*UTF8*$!
{
	archiveVersion = 1;
	classes = {
	};
	objectVersion = 50;
	objects = {

/* Begin PBXBuildFile section */
		57983774206BCF7084340344 /* Pods_newsAppTests.framework in Frameworks */ = {isa = PBXBuildFile; fileRef = 350A91574D5E3947E4A759DA /* Pods_newsAppTests.framework */; };
		5AF7CC910CC00C4319DE0855 /* Pods_newsAppUITests.framework in Frameworks */ = {isa = PBXBuildFile; fileRef = FB46CC04113193CD7A982990 /* Pods_newsAppUITests.framework */; };
		62DE8E9A0FEDCDDD93590978 /* Pods_newsApp.framework in Frameworks */ = {isa = PBXBuildFile; fileRef = 26BD36B2BED599027D95128C /* Pods_newsApp.framework */; };
		DF03576B20EA00970062F248 /* BaseCollectionViewController.swift in Sources */ = {isa = PBXBuildFile; fileRef = DF03576A20EA00970062F248 /* BaseCollectionViewController.swift */; };
		DF44AA1720C5D82500791F06 /* logger.swift in Sources */ = {isa = PBXBuildFile; fileRef = DF44AA1620C5D82500791F06 /* logger.swift */; };
		DF44AA1A20C5D99200791F06 /* URL.swift in Sources */ = {isa = PBXBuildFile; fileRef = DF44AA1920C5D99200791F06 /* URL.swift */; };
		DF53F5F320C617590098CFE6 /* Networking-Layer.swift in Sources */ = {isa = PBXBuildFile; fileRef = DF53F5F220C617590098CFE6 /* Networking-Layer.swift */; };
		DF53F5F520C617900098CFE6 /* Errors.swift in Sources */ = {isa = PBXBuildFile; fileRef = DF53F5F420C617900098CFE6 /* Errors.swift */; };
		DF53F5F720C617A60098CFE6 /* Articles.swift in Sources */ = {isa = PBXBuildFile; fileRef = DF53F5F620C617A60098CFE6 /* Articles.swift */; };
		DF53F5F920C618490098CFE6 /* Sources.swift in Sources */ = {isa = PBXBuildFile; fileRef = DF53F5F820C618490098CFE6 /* Sources.swift */; };
		DF655E4520C44EFC00015236 /* CellIdentifier.swift in Sources */ = {isa = PBXBuildFile; fileRef = DF655E4420C44EFC00015236 /* CellIdentifier.swift */; };
		DF655E4D20C4509100015236 /* Auth.swift in Sources */ = {isa = PBXBuildFile; fileRef = DF655E4C20C4509100015236 /* Auth.swift */; };
		DF7A0EB820C41AB4000B8073 /* AppDelegate.swift in Sources */ = {isa = PBXBuildFile; fileRef = DF7A0EB720C41AB4000B8073 /* AppDelegate.swift */; };
		DF7A0EBA20C41AB4000B8073 /* MainVC.swift in Sources */ = {isa = PBXBuildFile; fileRef = DF7A0EB920C41AB4000B8073 /* MainVC.swift */; };
		DF7A0EBF20C41AB4000B8073 /* Assets.xcassets in Resources */ = {isa = PBXBuildFile; fileRef = DF7A0EBE20C41AB4000B8073 /* Assets.xcassets */; };
		DF7A0EC220C41AB4000B8073 /* LaunchScreen.storyboard in Resources */ = {isa = PBXBuildFile; fileRef = DF7A0EC020C41AB4000B8073 /* LaunchScreen.storyboard */; };
		DF7A0ECD20C41AB5000B8073 /* newsAppTests.swift in Sources */ = {isa = PBXBuildFile; fileRef = DF7A0ECC20C41AB5000B8073 /* newsAppTests.swift */; };
		DF7A0ED820C41AB5000B8073 /* newsAppUITests.swift in Sources */ = {isa = PBXBuildFile; fileRef = DF7A0ED720C41AB5000B8073 /* newsAppUITests.swift */; };
		DF89DCB720EA7C5A004DBCC8 /* GenericCell.swift in Sources */ = {isa = PBXBuildFile; fileRef = DF89DCB620EA7C5A004DBCC8 /* GenericCell.swift */; };
		DFD3623420C4863B006DF31C /* ChannelCell.swift in Sources */ = {isa = PBXBuildFile; fileRef = DFD3623320C4863B006DF31C /* ChannelCell.swift */; };
		DFE65D9320C6D46200E764C0 /* NewsVC.swift in Sources */ = {isa = PBXBuildFile; fileRef = DFE65D9220C6D46200E764C0 /* NewsVC.swift */; };
		DFE65D9520C6D7C000E764C0 /* NewsCell.swift in Sources */ = {isa = PBXBuildFile; fileRef = DFE65D9420C6D7C000E764C0 /* NewsCell.swift */; };
/* End PBXBuildFile section */

/* Begin PBXContainerItemProxy section */
		DF7A0EC920C41AB5000B8073 /* PBXContainerItemProxy */ = {
			isa = PBXContainerItemProxy;
			containerPortal = DF7A0EAC20C41AB4000B8073 /* Project object */;
			proxyType = 1;
			remoteGlobalIDString = DF7A0EB320C41AB4000B8073;
			remoteInfo = newsApp;
		};
		DF7A0ED420C41AB5000B8073 /* PBXContainerItemProxy */ = {
			isa = PBXContainerItemProxy;
			containerPortal = DF7A0EAC20C41AB4000B8073 /* Project object */;
			proxyType = 1;
			remoteGlobalIDString = DF7A0EB320C41AB4000B8073;
			remoteInfo = newsApp;
		};
/* End PBXContainerItemProxy section */

/* Begin PBXFileReference section */
		20D9EDA04BF8F2E4B4B20A4D /* Pods-newsAppTests.debug.xcconfig */ = {isa = PBXFileReference; includeInIndex = 1; lastKnownFileType = text.xcconfig; name = "Pods-newsAppTests.debug.xcconfig"; path = "Pods/Target Support Files/Pods-newsAppTests/Pods-newsAppTests.debug.xcconfig"; sourceTree = "<group>"; };
		23A3F95430CE1420E135A95E /* Pods-newsApp.debug.xcconfig */ = {isa = PBXFileReference; includeInIndex = 1; lastKnownFileType = text.xcconfig; name = "Pods-newsApp.debug.xcconfig"; path = "Pods/Target Support Files/Pods-newsApp/Pods-newsApp.debug.xcconfig"; sourceTree = "<group>"; };
		26BD36B2BED599027D95128C /* Pods_newsApp.framework */ = {isa = PBXFileReference; explicitFileType = wrapper.framework; includeInIndex = 0; path = Pods_newsApp.framework; sourceTree = BUILT_PRODUCTS_DIR; };
		350A91574D5E3947E4A759DA /* Pods_newsAppTests.framework */ = {isa = PBXFileReference; explicitFileType = wrapper.framework; includeInIndex = 0; path = Pods_newsAppTests.framework; sourceTree = BUILT_PRODUCTS_DIR; };
		59C8E7781C9ADDDF8DAE5DC3 /* Pods-newsAppTests.release.xcconfig */ = {isa = PBXFileReference; includeInIndex = 1; lastKnownFileType = text.xcconfig; name = "Pods-newsAppTests.release.xcconfig"; path = "Pods/Target Support Files/Pods-newsAppTests/Pods-newsAppTests.release.xcconfig"; sourceTree = "<group>"; };
		AB43068491C1C01F504BAA4E /* Pods-newsAppUITests.debug.xcconfig */ = {isa = PBXFileReference; includeInIndex = 1; lastKnownFileType = text.xcconfig; name = "Pods-newsAppUITests.debug.xcconfig"; path = "Pods/Target Support Files/Pods-newsAppUITests/Pods-newsAppUITests.debug.xcconfig"; sourceTree = "<group>"; };
		DF03576A20EA00970062F248 /* BaseCollectionViewController.swift */ = {isa = PBXFileReference; lastKnownFileType = sourcecode.swift; path = BaseCollectionViewController.swift; sourceTree = "<group>"; };
		DF44AA1620C5D82500791F06 /* logger.swift */ = {isa = PBXFileReference; lastKnownFileType = sourcecode.swift; path = logger.swift; sourceTree = "<group>"; };
		DF44AA1920C5D99200791F06 /* URL.swift */ = {isa = PBXFileReference; lastKnownFileType = sourcecode.swift; path = URL.swift; sourceTree = "<group>"; };
		DF53F5F220C617590098CFE6 /* Networking-Layer.swift */ = {isa = PBXFileReference; lastKnownFileType = sourcecode.swift; path = "Networking-Layer.swift"; sourceTree = "<group>"; };
		DF53F5F420C617900098CFE6 /* Errors.swift */ = {isa = PBXFileReference; lastKnownFileType = sourcecode.swift; path = Errors.swift; sourceTree = "<group>"; };
		DF53F5F620C617A60098CFE6 /* Articles.swift */ = {isa = PBXFileReference; lastKnownFileType = sourcecode.swift; path = Articles.swift; sourceTree = "<group>"; };
		DF53F5F820C618490098CFE6 /* Sources.swift */ = {isa = PBXFileReference; lastKnownFileType = sourcecode.swift; path = Sources.swift; sourceTree = "<group>"; };
		DF655E4420C44EFC00015236 /* CellIdentifier.swift */ = {isa = PBXFileReference; lastKnownFileType = sourcecode.swift; path = CellIdentifier.swift; sourceTree = "<group>"; };
		DF655E4C20C4509100015236 /* Auth.swift */ = {isa = PBXFileReference; lastKnownFileType = sourcecode.swift; path = Auth.swift; sourceTree = "<group>"; };
		DF7A0EB420C41AB4000B8073 /* newsApp.app */ = {isa = PBXFileReference; explicitFileType = wrapper.application; includeInIndex = 0; path = newsApp.app; sourceTree = BUILT_PRODUCTS_DIR; };
		DF7A0EB720C41AB4000B8073 /* AppDelegate.swift */ = {isa = PBXFileReference; lastKnownFileType = sourcecode.swift; path = AppDelegate.swift; sourceTree = "<group>"; };
		DF7A0EB920C41AB4000B8073 /* MainVC.swift */ = {isa = PBXFileReference; lastKnownFileType = sourcecode.swift; path = MainVC.swift; sourceTree = "<group>"; };
		DF7A0EBE20C41AB4000B8073 /* Assets.xcassets */ = {isa = PBXFileReference; lastKnownFileType = folder.assetcatalog; path = Assets.xcassets; sourceTree = "<group>"; };
		DF7A0EC120C41AB4000B8073 /* Base */ = {isa = PBXFileReference; lastKnownFileType = file.storyboard; name = Base; path = Base.lproj/LaunchScreen.storyboard; sourceTree = "<group>"; };
		DF7A0EC320C41AB4000B8073 /* Info.plist */ = {isa = PBXFileReference; lastKnownFileType = text.plist.xml; path = Info.plist; sourceTree = "<group>"; };
		DF7A0EC820C41AB5000B8073 /* newsAppTests.xctest */ = {isa = PBXFileReference; explicitFileType = wrapper.cfbundle; includeInIndex = 0; path = newsAppTests.xctest; sourceTree = BUILT_PRODUCTS_DIR; };
		DF7A0ECC20C41AB5000B8073 /* newsAppTests.swift */ = {isa = PBXFileReference; lastKnownFileType = sourcecode.swift; path = newsAppTests.swift; sourceTree = "<group>"; };
		DF7A0ECE20C41AB5000B8073 /* Info.plist */ = {isa = PBXFileReference; lastKnownFileType = text.plist.xml; path = Info.plist; sourceTree = "<group>"; };
		DF7A0ED320C41AB5000B8073 /* newsAppUITests.xctest */ = {isa = PBXFileReference; explicitFileType = wrapper.cfbundle; includeInIndex = 0; path = newsAppUITests.xctest; sourceTree = BUILT_PRODUCTS_DIR; };
		DF7A0ED720C41AB5000B8073 /* newsAppUITests.swift */ = {isa = PBXFileReference; lastKnownFileType = sourcecode.swift; path = newsAppUITests.swift; sourceTree = "<group>"; };
		DF7A0ED920C41AB5000B8073 /* Info.plist */ = {isa = PBXFileReference; lastKnownFileType = text.plist.xml; path = Info.plist; sourceTree = "<group>"; };
		DF89DCB620EA7C5A004DBCC8 /* GenericCell.swift */ = {isa = PBXFileReference; lastKnownFileType = sourcecode.swift; path = GenericCell.swift; sourceTree = "<group>"; };
		DFD3623320C4863B006DF31C /* ChannelCell.swift */ = {isa = PBXFileReference; lastKnownFileType = sourcecode.swift; path = ChannelCell.swift; sourceTree = "<group>"; };
		DFE65D9220C6D46200E764C0 /* NewsVC.swift */ = {isa = PBXFileReference; lastKnownFileType = sourcecode.swift; path = NewsVC.swift; sourceTree = "<group>"; };
		DFE65D9420C6D7C000E764C0 /* NewsCell.swift */ = {isa = PBXFileReference; lastKnownFileType = sourcecode.swift; path = NewsCell.swift; sourceTree = "<group>"; };
		F60CDC08B665CDF793460A95 /* Pods-newsApp.release.xcconfig */ = {isa = PBXFileReference; includeInIndex = 1; lastKnownFileType = text.xcconfig; name = "Pods-newsApp.release.xcconfig"; path = "Pods/Target Support Files/Pods-newsApp/Pods-newsApp.release.xcconfig"; sourceTree = "<group>"; };
		FB46CC04113193CD7A982990 /* Pods_newsAppUITests.framework */ = {isa = PBXFileReference; explicitFileType = wrapper.framework; includeInIndex = 0; path = Pods_newsAppUITests.framework; sourceTree = BUILT_PRODUCTS_DIR; };
		FDA0F0B85B464A7BA527912F /* Pods-newsAppUITests.release.xcconfig */ = {isa = PBXFileReference; includeInIndex = 1; lastKnownFileType = text.xcconfig; name = "Pods-newsAppUITests.release.xcconfig"; path = "Pods/Target Support Files/Pods-newsAppUITests/Pods-newsAppUITests.release.xcconfig"; sourceTree = "<group>"; };
/* End PBXFileReference section */

/* Begin PBXFrameworksBuildPhase section */
		DF7A0EB120C41AB4000B8073 /* Frameworks */ = {
			isa = PBXFrameworksBuildPhase;
			buildActionMask = 2147483647;
			files = (
				62DE8E9A0FEDCDDD93590978 /* Pods_newsApp.framework in Frameworks */,
			);
			runOnlyForDeploymentPostprocessing = 0;
		};
		DF7A0EC520C41AB5000B8073 /* Frameworks */ = {
			isa = PBXFrameworksBuildPhase;
			buildActionMask = 2147483647;
			files = (
				57983774206BCF7084340344 /* Pods_newsAppTests.framework in Frameworks */,
			);
			runOnlyForDeploymentPostprocessing = 0;
		};
		DF7A0ED020C41AB5000B8073 /* Frameworks */ = {
			isa = PBXFrameworksBuildPhase;
			buildActionMask = 2147483647;
			files = (
				5AF7CC910CC00C4319DE0855 /* Pods_newsAppUITests.framework in Frameworks */,
			);
			runOnlyForDeploymentPostprocessing = 0;
		};
/* End PBXFrameworksBuildPhase section */

/* Begin PBXGroup section */
		3DBF788E0EA6CA0983F5E102 /* Pods */ = {
			isa = PBXGroup;
			children = (
				23A3F95430CE1420E135A95E /* Pods-newsApp.debug.xcconfig */,
				F60CDC08B665CDF793460A95 /* Pods-newsApp.release.xcconfig */,
				20D9EDA04BF8F2E4B4B20A4D /* Pods-newsAppTests.debug.xcconfig */,
				59C8E7781C9ADDDF8DAE5DC3 /* Pods-newsAppTests.release.xcconfig */,
				AB43068491C1C01F504BAA4E /* Pods-newsAppUITests.debug.xcconfig */,
				FDA0F0B85B464A7BA527912F /* Pods-newsAppUITests.release.xcconfig */,
			);
			name = Pods;
			sourceTree = "<group>";
		};
		4785763B6D4F2BDFA55716C2 /* Frameworks */ = {
			isa = PBXGroup;
			children = (
				26BD36B2BED599027D95128C /* Pods_newsApp.framework */,
				350A91574D5E3947E4A759DA /* Pods_newsAppTests.framework */,
				FB46CC04113193CD7A982990 /* Pods_newsAppUITests.framework */,
			);
			name = Frameworks;
			sourceTree = "<group>";
		};
		DF44AA1820C5D83300791F06 /* Development */ = {
			isa = PBXGroup;
			children = (
				DF44AA1620C5D82500791F06 /* logger.swift */,
			);
			path = Development;
			sourceTree = "<group>";
		};
		DF53F5F120C617490098CFE6 /* Layers */ = {
			isa = PBXGroup;
			children = (
				DF53F5F220C617590098CFE6 /* Networking-Layer.swift */,
			);
			path = Layers;
			sourceTree = "<group>";
		};
		DF655E4620C44F0A00015236 /* Model */ = {
			isa = PBXGroup;
			children = (
				DF655E4420C44EFC00015236 /* CellIdentifier.swift */,
				DF44AA1920C5D99200791F06 /* URL.swift */,
				DF53F5F420C617900098CFE6 /* Errors.swift */,
				DF53F5F620C617A60098CFE6 /* Articles.swift */,
				DF53F5F820C618490098CFE6 /* Sources.swift */,
			);
			path = Model;
			sourceTree = "<group>";
		};
		DF655E4720C44F1700015236 /* View */ = {
			isa = PBXGroup;
			children = (
				DF03576A20EA00970062F248 /* BaseCollectionViewController.swift */,
				DFD3623320C4863B006DF31C /* ChannelCell.swift */,
				DFE65D9420C6D7C000E764C0 /* NewsCell.swift */,
				DF89DCB620EA7C5A004DBCC8 /* GenericCell.swift */,
			);
			path = View;
			sourceTree = "<group>";
		};
		DF655E4820C44F2200015236 /* Controller */ = {
			isa = PBXGroup;
			children = (
				DFE65D9120C6D45400E764C0 /* NewsVC */,
				DF655E4920C44F2A00015236 /* MainVC */,
			);
			path = Controller;
			sourceTree = "<group>";
		};
		DF655E4920C44F2A00015236 /* MainVC */ = {
			isa = PBXGroup;
			children = (
				DF7A0EB920C41AB4000B8073 /* MainVC.swift */,
			);
			path = MainVC;
			sourceTree = "<group>";
		};
		DF7A0EAB20C41AB4000B8073 = {
			isa = PBXGroup;
			children = (
				DF7A0EB620C41AB4000B8073 /* newsApp */,
				DF7A0ECB20C41AB5000B8073 /* newsAppTests */,
				DF7A0ED620C41AB5000B8073 /* newsAppUITests */,
				DF7A0EB520C41AB4000B8073 /* Products */,
				3DBF788E0EA6CA0983F5E102 /* Pods */,
				4785763B6D4F2BDFA55716C2 /* Frameworks */,
			);
			sourceTree = "<group>";
		};
		DF7A0EB520C41AB4000B8073 /* Products */ = {
			isa = PBXGroup;
			children = (
				DF7A0EB420C41AB4000B8073 /* newsApp.app */,
				DF7A0EC820C41AB5000B8073 /* newsAppTests.xctest */,
				DF7A0ED320C41AB5000B8073 /* newsAppUITests.xctest */,
			);
			name = Products;
			sourceTree = "<group>";
		};
		DF7A0EB620C41AB4000B8073 /* newsApp */ = {
			isa = PBXGroup;
			children = (
				DF53F5F120C617490098CFE6 /* Layers */,
				DF44AA1820C5D83300791F06 /* Development */,
				DF655E4820C44F2200015236 /* Controller */,
				DF655E4720C44F1700015236 /* View */,
				DF655E4620C44F0A00015236 /* Model */,
				DF7A0EB720C41AB4000B8073 /* AppDelegate.swift */,
				DF7A0EBE20C41AB4000B8073 /* Assets.xcassets */,
				DF7A0EC020C41AB4000B8073 /* LaunchScreen.storyboard */,
				DF7A0EC320C41AB4000B8073 /* Info.plist */,
				DF655E4C20C4509100015236 /* Auth.swift */,
			);
			path = newsApp;
			sourceTree = "<group>";
		};
		DF7A0ECB20C41AB5000B8073 /* newsAppTests */ = {
			isa = PBXGroup;
			children = (
				DF7A0ECC20C41AB5000B8073 /* newsAppTests.swift */,
				DF7A0ECE20C41AB5000B8073 /* Info.plist */,
			);
			path = newsAppTests;
			sourceTree = "<group>";
		};
		DF7A0ED620C41AB5000B8073 /* newsAppUITests */ = {
			isa = PBXGroup;
			children = (
				DF7A0ED720C41AB5000B8073 /* newsAppUITests.swift */,
				DF7A0ED920C41AB5000B8073 /* Info.plist */,
			);
			path = newsAppUITests;
			sourceTree = "<group>";
		};
		DFE65D9120C6D45400E764C0 /* NewsVC */ = {
			isa = PBXGroup;
			children = (
				DFE65D9220C6D46200E764C0 /* NewsVC.swift */,
			);
			path = NewsVC;
			sourceTree = "<group>";
		};
/* End PBXGroup section */

/* Begin PBXNativeTarget section */
		DF7A0EB320C41AB4000B8073 /* newsApp */ = {
			isa = PBXNativeTarget;
			buildConfigurationList = DF7A0EDC20C41AB5000B8073 /* Build configuration list for PBXNativeTarget "newsApp" */;
			buildPhases = (
				534106089240A625441A8847 /* [CP] Check Pods Manifest.lock */,
				DF7A0EB020C41AB4000B8073 /* Sources */,
				DF7A0EB120C41AB4000B8073 /* Frameworks */,
				DF7A0EB220C41AB4000B8073 /* Resources */,
				0D031E02B468EF5AC360BB57 /* [CP] Embed Pods Frameworks */,
			);
			buildRules = (
			);
			dependencies = (
			);
			name = newsApp;
			productName = newsApp;
			productReference = DF7A0EB420C41AB4000B8073 /* newsApp.app */;
			productType = "com.apple.product-type.application";
		};
		DF7A0EC720C41AB5000B8073 /* newsAppTests */ = {
			isa = PBXNativeTarget;
			buildConfigurationList = DF7A0EDF20C41AB5000B8073 /* Build configuration list for PBXNativeTarget "newsAppTests" */;
			buildPhases = (
				4D2E2A66003E669776921905 /* [CP] Check Pods Manifest.lock */,
				DF7A0EC420C41AB5000B8073 /* Sources */,
				DF7A0EC520C41AB5000B8073 /* Frameworks */,
				DF7A0EC620C41AB5000B8073 /* Resources */,
			);
			buildRules = (
			);
			dependencies = (
				DF7A0ECA20C41AB5000B8073 /* PBXTargetDependency */,
			);
			name = newsAppTests;
			productName = newsAppTests;
			productReference = DF7A0EC820C41AB5000B8073 /* newsAppTests.xctest */;
			productType = "com.apple.product-type.bundle.unit-test";
		};
		DF7A0ED220C41AB5000B8073 /* newsAppUITests */ = {
			isa = PBXNativeTarget;
			buildConfigurationList = DF7A0EE220C41AB5000B8073 /* Build configuration list for PBXNativeTarget "newsAppUITests" */;
			buildPhases = (
				04DAFC74688E86B6897295C9 /* [CP] Check Pods Manifest.lock */,
				DF7A0ECF20C41AB5000B8073 /* Sources */,
				DF7A0ED020C41AB5000B8073 /* Frameworks */,
				DF7A0ED120C41AB5000B8073 /* Resources */,
			);
			buildRules = (
			);
			dependencies = (
				DF7A0ED520C41AB5000B8073 /* PBXTargetDependency */,
			);
			name = newsAppUITests;
			productName = newsAppUITests;
			productReference = DF7A0ED320C41AB5000B8073 /* newsAppUITests.xctest */;
			productType = "com.apple.product-type.bundle.ui-testing";
		};
/* End PBXNativeTarget section */

/* Begin PBXProject section */
		DF7A0EAC20C41AB4000B8073 /* Project object */ = {
			isa = PBXProject;
			attributes = {
				LastSwiftUpdateCheck = 0940;
				LastUpgradeCheck = 0940;
				ORGANIZATIONNAME = "Mustafa Khalil";
				TargetAttributes = {
					DF7A0EB320C41AB4000B8073 = {
						CreatedOnToolsVersion = 9.4;
					};
					DF7A0EC720C41AB5000B8073 = {
						CreatedOnToolsVersion = 9.4;
						TestTargetID = DF7A0EB320C41AB4000B8073;
					};
					DF7A0ED220C41AB5000B8073 = {
						CreatedOnToolsVersion = 9.4;
						TestTargetID = DF7A0EB320C41AB4000B8073;
					};
				};
			};
			buildConfigurationList = DF7A0EAF20C41AB4000B8073 /* Build configuration list for PBXProject "newsApp" */;
			compatibilityVersion = "Xcode 9.3";
			developmentRegion = en;
			hasScannedForEncodings = 0;
			knownRegions = (
				en,
				Base,
			);
			mainGroup = DF7A0EAB20C41AB4000B8073;
			productRefGroup = DF7A0EB520C41AB4000B8073 /* Products */;
			projectDirPath = "";
			projectRoot = "";
			targets = (
				DF7A0EB320C41AB4000B8073 /* newsApp */,
				DF7A0EC720C41AB5000B8073 /* newsAppTests */,
				DF7A0ED220C41AB5000B8073 /* newsAppUITests */,
			);
		};
/* End PBXProject section */

/* Begin PBXResourcesBuildPhase section */
		DF7A0EB220C41AB4000B8073 /* Resources */ = {
			isa = PBXResourcesBuildPhase;
			buildActionMask = 2147483647;
			files = (
				DF7A0EC220C41AB4000B8073 /* LaunchScreen.storyboard in Resources */,
				DF7A0EBF20C41AB4000B8073 /* Assets.xcassets in Resources */,
			);
			runOnlyForDeploymentPostprocessing = 0;
		};
		DF7A0EC620C41AB5000B8073 /* Resources */ = {
			isa = PBXResourcesBuildPhase;
			buildActionMask = 2147483647;
			files = (
			);
			runOnlyForDeploymentPostprocessing = 0;
		};
		DF7A0ED120C41AB5000B8073 /* Resources */ = {
			isa = PBXResourcesBuildPhase;
			buildActionMask = 2147483647;
			files = (
			);
			runOnlyForDeploymentPostprocessing = 0;
		};
/* End PBXResourcesBuildPhase section */

/* Begin PBXShellScriptBuildPhase section */
		04DAFC74688E86B6897295C9 /* [CP] Check Pods Manifest.lock */ = {
			isa = PBXShellScriptBuildPhase;
			buildActionMask = 2147483647;
			files = (
			);
			inputPaths = (
				"${PODS_PODFILE_DIR_PATH}/Podfile.lock",
				"${PODS_ROOT}/Manifest.lock",
			);
			name = "[CP] Check Pods Manifest.lock";
			outputPaths = (
				"$(DERIVED_FILE_DIR)/Pods-newsAppUITests-checkManifestLockResult.txt",
			);
			runOnlyForDeploymentPostprocessing = 0;
			shellPath = /bin/sh;
			shellScript = "diff \"${PODS_PODFILE_DIR_PATH}/Podfile.lock\" \"${PODS_ROOT}/Manifest.lock\" > /dev/null\nif [ $? != 0 ] ; then\n    # print error to STDERR\n    echo \"error: The sandbox is not in sync with the Podfile.lock. Run 'pod install' or update your CocoaPods installation.\" >&2\n    exit 1\nfi\n# This output is used by Xcode 'outputs' to avoid re-running this script phase.\necho \"SUCCESS\" > \"${SCRIPT_OUTPUT_FILE_0}\"\n";
			showEnvVarsInLog = 0;
		};
		0D031E02B468EF5AC360BB57 /* [CP] Embed Pods Frameworks */ = {
			isa = PBXShellScriptBuildPhase;
			buildActionMask = 2147483647;
			files = (
			);
			inputPaths = (
				"${SRCROOT}/Pods/Target Support Files/Pods-newsApp/Pods-newsApp-frameworks.sh",
				"${BUILT_PRODUCTS_DIR}/Alamofire/Alamofire.framework",
				"${BUILT_PRODUCTS_DIR}/SnapKit/SnapKit.framework",
				"${BUILT_PRODUCTS_DIR}/SwiftyBeaver/SwiftyBeaver.framework",
			);
			name = "[CP] Embed Pods Frameworks";
			outputPaths = (
				"${TARGET_BUILD_DIR}/${FRAMEWORKS_FOLDER_PATH}/Alamofire.framework",
				"${TARGET_BUILD_DIR}/${FRAMEWORKS_FOLDER_PATH}/SnapKit.framework",
				"${TARGET_BUILD_DIR}/${FRAMEWORKS_FOLDER_PATH}/SwiftyBeaver.framework",
			);
			runOnlyForDeploymentPostprocessing = 0;
			shellPath = /bin/sh;
			shellScript = "\"${SRCROOT}/Pods/Target Support Files/Pods-newsApp/Pods-newsApp-frameworks.sh\"\n";
			showEnvVarsInLog = 0;
		};
		4D2E2A66003E669776921905 /* [CP] Check Pods Manifest.lock */ = {
			isa = PBXShellScriptBuildPhase;
			buildActionMask = 2147483647;
			files = (
			);
			inputPaths = (
				"${PODS_PODFILE_DIR_PATH}/Podfile.lock",
				"${PODS_ROOT}/Manifest.lock",
			);
			name = "[CP] Check Pods Manifest.lock";
			outputPaths = (
				"$(DERIVED_FILE_DIR)/Pods-newsAppTests-checkManifestLockResult.txt",
			);
			runOnlyForDeploymentPostprocessing = 0;
			shellPath = /bin/sh;
			shellScript = "diff \"${PODS_PODFILE_DIR_PATH}/Podfile.lock\" \"${PODS_ROOT}/Manifest.lock\" > /dev/null\nif [ $? != 0 ] ; then\n    # print error to STDERR\n    echo \"error: The sandbox is not in sync with the Podfile.lock. Run 'pod install' or update your CocoaPods installation.\" >&2\n    exit 1\nfi\n# This output is used by Xcode 'outputs' to avoid re-running this script phase.\necho \"SUCCESS\" > \"${SCRIPT_OUTPUT_FILE_0}\"\n";
			showEnvVarsInLog = 0;
		};
		534106089240A625441A8847 /* [CP] Check Pods Manifest.lock */ = {
			isa = PBXShellScriptBuildPhase;
			buildActionMask = 2147483647;
			files = (
			);
			inputPaths = (
				"${PODS_PODFILE_DIR_PATH}/Podfile.lock",
				"${PODS_ROOT}/Manifest.lock",
			);
			name = "[CP] Check Pods Manifest.lock";
			outputPaths = (
				"$(DERIVED_FILE_DIR)/Pods-newsApp-checkManifestLockResult.txt",
			);
			runOnlyForDeploymentPostprocessing = 0;
			shellPath = /bin/sh;
			shellScript = "diff \"${PODS_PODFILE_DIR_PATH}/Podfile.lock\" \"${PODS_ROOT}/Manifest.lock\" > /dev/null\nif [ $? != 0 ] ; then\n    # print error to STDERR\n    echo \"error: The sandbox is not in sync with the Podfile.lock. Run 'pod install' or update your CocoaPods installation.\" >&2\n    exit 1\nfi\n# This output is used by Xcode 'outputs' to avoid re-running this script phase.\necho \"SUCCESS\" > \"${SCRIPT_OUTPUT_FILE_0}\"\n";
			showEnvVarsInLog = 0;
		};
/* End PBXShellScriptBuildPhase section */

/* Begin PBXSourcesBuildPhase section */
		DF7A0EB020C41AB4000B8073 /* Sources */ = {
			isa = PBXSourcesBuildPhase;
			buildActionMask = 2147483647;
			files = (
				DF655E4D20C4509100015236 /* Auth.swift in Sources */,
				DF7A0EBA20C41AB4000B8073 /* MainVC.swift in Sources */,
				DF44AA1A20C5D99200791F06 /* URL.swift in Sources */,
				DF53F5F920C618490098CFE6 /* Sources.swift in Sources */,
				DF655E4520C44EFC00015236 /* CellIdentifier.swift in Sources */,
				DF53F5F720C617A60098CFE6 /* Articles.swift in Sources */,
				DFD3623420C4863B006DF31C /* ChannelCell.swift in Sources */,
				DFE65D9320C6D46200E764C0 /* NewsVC.swift in Sources */,
				DF89DCB720EA7C5A004DBCC8 /* GenericCell.swift in Sources */,
				DF53F5F320C617590098CFE6 /* Networking-Layer.swift in Sources */,
				DFE65D9520C6D7C000E764C0 /* NewsCell.swift in Sources */,
				DF53F5F520C617900098CFE6 /* Errors.swift in Sources */,
				DF7A0EB820C41AB4000B8073 /* AppDelegate.swift in Sources */,
				DF44AA1720C5D82500791F06 /* logger.swift in Sources */,
				DF03576B20EA00970062F248 /* BaseCollectionViewController.swift in Sources */,
			);
			runOnlyForDeploymentPostprocessing = 0;
		};
		DF7A0EC420C41AB5000B8073 /* Sources */ = {
			isa = PBXSourcesBuildPhase;
			buildActionMask = 2147483647;
			files = (
				DF7A0ECD20C41AB5000B8073 /* newsAppTests.swift in Sources */,
			);
			runOnlyForDeploymentPostprocessing = 0;
		};
		DF7A0ECF20C41AB5000B8073 /* Sources */ = {
			isa = PBXSourcesBuildPhase;
			buildActionMask = 2147483647;
			files = (
				DF7A0ED820C41AB5000B8073 /* newsAppUITests.swift in Sources */,
			);
			runOnlyForDeploymentPostprocessing = 0;
		};
/* End PBXSourcesBuildPhase section */

/* Begin PBXTargetDependency section */
		DF7A0ECA20C41AB5000B8073 /* PBXTargetDependency */ = {
			isa = PBXTargetDependency;
			target = DF7A0EB320C41AB4000B8073 /* newsApp */;
			targetProxy = DF7A0EC920C41AB5000B8073 /* PBXContainerItemProxy */;
		};
		DF7A0ED520C41AB5000B8073 /* PBXTargetDependency */ = {
			isa = PBXTargetDependency;
			target = DF7A0EB320C41AB4000B8073 /* newsApp */;
			targetProxy = DF7A0ED420C41AB5000B8073 /* PBXContainerItemProxy */;
		};
/* End PBXTargetDependency section */

/* Begin PBXVariantGroup section */
		DF7A0EC020C41AB4000B8073 /* LaunchScreen.storyboard */ = {
			isa = PBXVariantGroup;
			children = (
				DF7A0EC120C41AB4000B8073 /* Base */,
			);
			name = LaunchScreen.storyboard;
			sourceTree = "<group>";
		};
/* End PBXVariantGroup section */

/* Begin XCBuildConfiguration section */
		DF7A0EDA20C41AB5000B8073 /* Debug */ = {
			isa = XCBuildConfiguration;
			buildSettings = {
				ALWAYS_SEARCH_USER_PATHS = NO;
				CLANG_ANALYZER_NONNULL = YES;
				CLANG_ANALYZER_NUMBER_OBJECT_CONVERSION = YES_AGGRESSIVE;
				CLANG_CXX_LANGUAGE_STANDARD = "gnu++14";
				CLANG_CXX_LIBRARY = "libc++";
				CLANG_ENABLE_MODULES = YES;
				CLANG_ENABLE_OBJC_ARC = YES;
				CLANG_ENABLE_OBJC_WEAK = YES;
				CLANG_WARN_BLOCK_CAPTURE_AUTORELEASING = YES;
				CLANG_WARN_BOOL_CONVERSION = YES;
				CLANG_WARN_COMMA = YES;
				CLANG_WARN_CONSTANT_CONVERSION = YES;
				CLANG_WARN_DEPRECATED_OBJC_IMPLEMENTATIONS = YES;
				CLANG_WARN_DIRECT_OBJC_ISA_USAGE = YES_ERROR;
				CLANG_WARN_DOCUMENTATION_COMMENTS = YES;
				CLANG_WARN_EMPTY_BODY = YES;
				CLANG_WARN_ENUM_CONVERSION = YES;
				CLANG_WARN_INFINITE_RECURSION = YES;
				CLANG_WARN_INT_CONVERSION = YES;
				CLANG_WARN_NON_LITERAL_NULL_CONVERSION = YES;
				CLANG_WARN_OBJC_IMPLICIT_RETAIN_SELF = YES;
				CLANG_WARN_OBJC_LITERAL_CONVERSION = YES;
				CLANG_WARN_OBJC_ROOT_CLASS = YES_ERROR;
				CLANG_WARN_RANGE_LOOP_ANALYSIS = YES;
				CLANG_WARN_STRICT_PROTOTYPES = YES;
				CLANG_WARN_SUSPICIOUS_MOVE = YES;
				CLANG_WARN_UNGUARDED_AVAILABILITY = YES_AGGRESSIVE;
				CLANG_WARN_UNREACHABLE_CODE = YES;
				CLANG_WARN__DUPLICATE_METHOD_MATCH = YES;
				CODE_SIGN_IDENTITY = "iPhone Developer";
				COPY_PHASE_STRIP = NO;
				DEBUG_INFORMATION_FORMAT = dwarf;
				ENABLE_STRICT_OBJC_MSGSEND = YES;
				ENABLE_TESTABILITY = YES;
				GCC_C_LANGUAGE_STANDARD = gnu11;
				GCC_DYNAMIC_NO_PIC = NO;
				GCC_NO_COMMON_BLOCKS = YES;
				GCC_OPTIMIZATION_LEVEL = 0;
				GCC_PREPROCESSOR_DEFINITIONS = (
					"DEBUG=1",
					"$(inherited)",
				);
				GCC_WARN_64_TO_32_BIT_CONVERSION = YES;
				GCC_WARN_ABOUT_RETURN_TYPE = YES_ERROR;
				GCC_WARN_UNDECLARED_SELECTOR = YES;
				GCC_WARN_UNINITIALIZED_AUTOS = YES_AGGRESSIVE;
				GCC_WARN_UNUSED_FUNCTION = YES;
				GCC_WARN_UNUSED_VARIABLE = YES;
				IPHONEOS_DEPLOYMENT_TARGET = 11.4;
				MTL_ENABLE_DEBUG_INFO = YES;
				ONLY_ACTIVE_ARCH = YES;
				SDKROOT = iphoneos;
				SWIFT_ACTIVE_COMPILATION_CONDITIONS = DEBUG;
				SWIFT_OPTIMIZATION_LEVEL = "-Onone";
			};
			name = Debug;
		};
		DF7A0EDB20C41AB5000B8073 /* Release */ = {
			isa = XCBuildConfiguration;
			buildSettings = {
				ALWAYS_SEARCH_USER_PATHS = NO;
				CLANG_ANALYZER_NONNULL = YES;
				CLANG_ANALYZER_NUMBER_OBJECT_CONVERSION = YES_AGGRESSIVE;
				CLANG_CXX_LANGUAGE_STANDARD = "gnu++14";
				CLANG_CXX_LIBRARY = "libc++";
				CLANG_ENABLE_MODULES = YES;
				CLANG_ENABLE_OBJC_ARC = YES;
				CLANG_ENABLE_OBJC_WEAK = YES;
				CLANG_WARN_BLOCK_CAPTURE_AUTORELEASING = YES;
				CLANG_WARN_BOOL_CONVERSION = YES;
				CLANG_WARN_COMMA = YES;
				CLANG_WARN_CONSTANT_CONVERSION = YES;
				CLANG_WARN_DEPRECATED_OBJC_IMPLEMENTATIONS = YES;
				CLANG_WARN_DIRECT_OBJC_ISA_USAGE = YES_ERROR;
				CLANG_WARN_DOCUMENTATION_COMMENTS = YES;
				CLANG_WARN_EMPTY_BODY = YES;
				CLANG_WARN_ENUM_CONVERSION = YES;
				CLANG_WARN_INFINITE_RECURSION = YES;
				CLANG_WARN_INT_CONVERSION = YES;
				CLANG_WARN_NON_LITERAL_NULL_CONVERSION = YES;
				CLANG_WARN_OBJC_IMPLICIT_RETAIN_SELF = YES;
				CLANG_WARN_OBJC_LITERAL_CONVERSION = YES;
				CLANG_WARN_OBJC_ROOT_CLASS = YES_ERROR;
				CLANG_WARN_RANGE_LOOP_ANALYSIS = YES;
				CLANG_WARN_STRICT_PROTOTYPES = YES;
				CLANG_WARN_SUSPICIOUS_MOVE = YES;
				CLANG_WARN_UNGUARDED_AVAILABILITY = YES_AGGRESSIVE;
				CLANG_WARN_UNREACHABLE_CODE = YES;
				CLANG_WARN__DUPLICATE_METHOD_MATCH = YES;
				CODE_SIGN_IDENTITY = "iPhone Developer";
				COPY_PHASE_STRIP = NO;
				DEBUG_INFORMATION_FORMAT = "dwarf-with-dsym";
				ENABLE_NS_ASSERTIONS = NO;
				ENABLE_STRICT_OBJC_MSGSEND = YES;
				GCC_C_LANGUAGE_STANDARD = gnu11;
				GCC_NO_COMMON_BLOCKS = YES;
				GCC_WARN_64_TO_32_BIT_CONVERSION = YES;
				GCC_WARN_ABOUT_RETURN_TYPE = YES_ERROR;
				GCC_WARN_UNDECLARED_SELECTOR = YES;
				GCC_WARN_UNINITIALIZED_AUTOS = YES_AGGRESSIVE;
				GCC_WARN_UNUSED_FUNCTION = YES;
				GCC_WARN_UNUSED_VARIABLE = YES;
				IPHONEOS_DEPLOYMENT_TARGET = 11.4;
				MTL_ENABLE_DEBUG_INFO = NO;
				SDKROOT = iphoneos;
				SWIFT_COMPILATION_MODE = wholemodule;
				SWIFT_OPTIMIZATION_LEVEL = "-O";
				VALIDATE_PRODUCT = YES;
			};
			name = Release;
		};
		DF7A0EDD20C41AB5000B8073 /* Debug */ = {
			isa = XCBuildConfiguration;
			baseConfigurationReference = 23A3F95430CE1420E135A95E /* Pods-newsApp.debug.xcconfig */;
			buildSettings = {
				ASSETCATALOG_COMPILER_APPICON_NAME = AppIcon;
				CODE_SIGN_STYLE = Automatic;
				DEVELOPMENT_TEAM = S5LE5TDLUP;
				INFOPLIST_FILE = newsApp/Info.plist;
				IPHONEOS_DEPLOYMENT_TARGET = 11.3;
				LD_RUNPATH_SEARCH_PATHS = (
					"$(inherited)",
					"@executable_path/Frameworks",
				);
				PRODUCT_BUNDLE_IDENTIFIER = mmk.newsApp;
				PRODUCT_NAME = "$(TARGET_NAME)";
				SWIFT_VERSION = 4.0;
				TARGETED_DEVICE_FAMILY = "1,2";
			};
			name = Debug;
		};
		DF7A0EDE20C41AB5000B8073 /* Release */ = {
			isa = XCBuildConfiguration;
			baseConfigurationReference = F60CDC08B665CDF793460A95 /* Pods-newsApp.release.xcconfig */;
			buildSettings = {
				ASSETCATALOG_COMPILER_APPICON_NAME = AppIcon;
				CODE_SIGN_STYLE = Automatic;
				DEVELOPMENT_TEAM = S5LE5TDLUP;
				INFOPLIST_FILE = newsApp/Info.plist;
				IPHONEOS_DEPLOYMENT_TARGET = 11.3;
				LD_RUNPATH_SEARCH_PATHS = (
					"$(inherited)",
					"@executable_path/Frameworks",
				);
				PRODUCT_BUNDLE_IDENTIFIER = mmk.newsApp;
				PRODUCT_NAME = "$(TARGET_NAME)";
				SWIFT_VERSION = 4.0;
				TARGETED_DEVICE_FAMILY = "1,2";
			};
			name = Release;
		};
		DF7A0EE020C41AB5000B8073 /* Debug */ = {
			isa = XCBuildConfiguration;
			baseConfigurationReference = 20D9EDA04BF8F2E4B4B20A4D /* Pods-newsAppTests.debug.xcconfig */;
			buildSettings = {
				ALWAYS_EMBED_SWIFT_STANDARD_LIBRARIES = YES;
				BUNDLE_LOADER = "$(TEST_HOST)";
				CODE_SIGN_STYLE = Automatic;
				DEVELOPMENT_TEAM = S5LE5TDLUP;
				INFOPLIST_FILE = newsAppTests/Info.plist;
				LD_RUNPATH_SEARCH_PATHS = (
					"$(inherited)",
					"@executable_path/Frameworks",
					"@loader_path/Frameworks",
				);
				PRODUCT_BUNDLE_IDENTIFIER = mmk.newsAppTests;
				PRODUCT_NAME = "$(TARGET_NAME)";
				SWIFT_VERSION = 4.0;
				TARGETED_DEVICE_FAMILY = "1,2";
				TEST_HOST = "$(BUILT_PRODUCTS_DIR)/newsApp.app/newsApp";
			};
			name = Debug;
		};
		DF7A0EE120C41AB5000B8073 /* Release */ = {
			isa = XCBuildConfiguration;
			baseConfigurationReference = 59C8E7781C9ADDDF8DAE5DC3 /* Pods-newsAppTests.release.xcconfig */;
			buildSettings = {
				ALWAYS_EMBED_SWIFT_STANDARD_LIBRARIES = YES;
				BUNDLE_LOADER = "$(TEST_HOST)";
				CODE_SIGN_STYLE = Automatic;
				DEVELOPMENT_TEAM = S5LE5TDLUP;
				INFOPLIST_FILE = newsAppTests/Info.plist;
				LD_RUNPATH_SEARCH_PATHS = (
					"$(inherited)",
					"@executable_path/Frameworks",
					"@loader_path/Frameworks",
				);
				PRODUCT_BUNDLE_IDENTIFIER = mmk.newsAppTests;
				PRODUCT_NAME = "$(TARGET_NAME)";
				SWIFT_VERSION = 4.0;
				TARGETED_DEVICE_FAMILY = "1,2";
				TEST_HOST = "$(BUILT_PRODUCTS_DIR)/newsApp.app/newsApp";
			};
			name = Release;
		};
		DF7A0EE320C41AB5000B8073 /* Debug */ = {
			isa = XCBuildConfiguration;
			baseConfigurationReference = AB43068491C1C01F504BAA4E /* Pods-newsAppUITests.debug.xcconfig */;
			buildSettings = {
				ALWAYS_EMBED_SWIFT_STANDARD_LIBRARIES = YES;
				CODE_SIGN_STYLE = Automatic;
				DEVELOPMENT_TEAM = S5LE5TDLUP;
				INFOPLIST_FILE = newsAppUITests/Info.plist;
				LD_RUNPATH_SEARCH_PATHS = (
					"$(inherited)",
					"@executable_path/Frameworks",
					"@loader_path/Frameworks",
				);
				PRODUCT_BUNDLE_IDENTIFIER = mmk.newsAppUITests;
				PRODUCT_NAME = "$(TARGET_NAME)";
				SWIFT_VERSION = 4.0;
				TARGETED_DEVICE_FAMILY = "1,2";
				TEST_TARGET_NAME = newsApp;
			};
			name = Debug;
		};
		DF7A0EE420C41AB5000B8073 /* Release */ = {
			isa = XCBuildConfiguration;
			baseConfigurationReference = FDA0F0B85B464A7BA527912F /* Pods-newsAppUITests.release.xcconfig */;
			buildSettings = {
				ALWAYS_EMBED_SWIFT_STANDARD_LIBRARIES = YES;
				CODE_SIGN_STYLE = Automatic;
				DEVELOPMENT_TEAM = S5LE5TDLUP;
				INFOPLIST_FILE = newsAppUITests/Info.plist;
				LD_RUNPATH_SEARCH_PATHS = (
					"$(inherited)",
					"@executable_path/Frameworks",
					"@loader_path/Frameworks",
				);
				PRODUCT_BUNDLE_IDENTIFIER = mmk.newsAppUITests;
				PRODUCT_NAME = "$(TARGET_NAME)";
				SWIFT_VERSION = 4.0;
				TARGETED_DEVICE_FAMILY = "1,2";
				TEST_TARGET_NAME = newsApp;
			};
			name = Release;
		};
/* End XCBuildConfiguration section */

/* Begin XCConfigurationList section */
		DF7A0EAF20C41AB4000B8073 /* Build configuration list for PBXProject "newsApp" */ = {
			isa = XCConfigurationList;
			buildConfigurations = (
				DF7A0EDA20C41AB5000B8073 /* Debug */,
				DF7A0EDB20C41AB5000B8073 /* Release */,
			);
			defaultConfigurationIsVisible = 0;
			defaultConfigurationName = Release;
		};
		DF7A0EDC20C41AB5000B8073 /* Build configuration list for PBXNativeTarget "newsApp" */ = {
			isa = XCConfigurationList;
			buildConfigurations = (
				DF7A0EDD20C41AB5000B8073 /* Debug */,
				DF7A0EDE20C41AB5000B8073 /* Release */,
			);
			defaultConfigurationIsVisible = 0;
			defaultConfigurationName = Release;
		};
		DF7A0EDF20C41AB5000B8073 /* Build configuration list for PBXNativeTarget "newsAppTests" */ = {
			isa = XCConfigurationList;
			buildConfigurations = (
				DF7A0EE020C41AB5000B8073 /* Debug */,
				DF7A0EE120C41AB5000B8073 /* Release */,
			);
			defaultConfigurationIsVisible = 0;
			defaultConfigurationName = Release;
		};
		DF7A0EE220C41AB5000B8073 /* Build configuration list for PBXNativeTarget "newsAppUITests" */ = {
			isa = XCConfigurationList;
			buildConfigurations = (
				DF7A0EE320C41AB5000B8073 /* Debug */,
				DF7A0EE420C41AB5000B8073 /* Release */,
			);
			defaultConfigurationIsVisible = 0;
			defaultConfigurationName = Release;
		};
/* End XCConfigurationList section */
	};
	rootObject = DF7A0EAC20C41AB4000B8073 /* Project object */;
}
